// !$*UTF8*$!
{
	archiveVersion = 1;
	classes = {
	};
	objectVersion = 46;
	objects = {

/* Begin PBXBuildFile section */
		B34F76F51F1CAE2000F97F0E /* main.m in Sources */ = {isa = PBXBuildFile; fileRef = B34F76F41F1CAE2000F97F0E /* main.m */; };
		B34F76F81F1CAE2000F97F0E /* AppDelegate.m in Sources */ = {isa = PBXBuildFile; fileRef = B34F76F71F1CAE2000F97F0E /* AppDelegate.m */; };
		B34F76FB1F1CAE2000F97F0E /* ViewController.m in Sources */ = {isa = PBXBuildFile; fileRef = B34F76FA1F1CAE2000F97F0E /* ViewController.m */; };
		B34F76FE1F1CAE2000F97F0E /* Main.storyboard in Resources */ = {isa = PBXBuildFile; fileRef = B34F76FC1F1CAE2000F97F0E /* Main.storyboard */; };
		B34F77001F1CAE2000F97F0E /* Assets.xcassets in Resources */ = {isa = PBXBuildFile; fileRef = B34F76FF1F1CAE2000F97F0E /* Assets.xcassets */; };
		B34F77031F1CAE2000F97F0E /* LaunchScreen.storyboard in Resources */ = {isa = PBXBuildFile; fileRef = B34F77011F1CAE2000F97F0E /* LaunchScreen.storyboard */; };
		B34F770E1F1CAE2000F97F0E /* YJBestBusinessTests.m in Sources */ = {isa = PBXBuildFile; fileRef = B34F770D1F1CAE2000F97F0E /* YJBestBusinessTests.m */; };
		B34F77191F1CAE2000F97F0E /* YJBestBusinessUITests.m in Sources */ = {isa = PBXBuildFile; fileRef = B34F77181F1CAE2000F97F0E /* YJBestBusinessUITests.m */; };
/* End PBXBuildFile section */

/* Begin PBXContainerItemProxy section */
		B34F770A1F1CAE2000F97F0E /* PBXContainerItemProxy */ = {
			isa = PBXContainerItemProxy;
			containerPortal = B34F76E81F1CAE2000F97F0E /* Project object */;
			proxyType = 1;
			remoteGlobalIDString = B34F76EF1F1CAE2000F97F0E;
			remoteInfo = YJBestBusiness;
		};
		B34F77151F1CAE2000F97F0E /* PBXContainerItemProxy */ = {
			isa = PBXContainerItemProxy;
			containerPortal = B34F76E81F1CAE2000F97F0E /* Project object */;
			proxyType = 1;
			remoteGlobalIDString = B34F76EF1F1CAE2000F97F0E;
			remoteInfo = YJBestBusiness;
		};
/* End PBXContainerItemProxy section */

/* Begin PBXFileReference section */
		B34F76F01F1CAE2000F97F0E /* YJBestBusiness.app */ = {isa = PBXFileReference; explicitFileType = wrapper.application; includeInIndex = 0; path = YJBestBusiness.app; sourceTree = BUILT_PRODUCTS_DIR; };
		B34F76F41F1CAE2000F97F0E /* main.m */ = {isa = PBXFileReference; lastKnownFileType = sourcecode.c.objc; path = main.m; sourceTree = "<group>"; };
		B34F76F61F1CAE2000F97F0E /* AppDelegate.h */ = {isa = PBXFileReference; lastKnownFileType = sourcecode.c.h; path = AppDelegate.h; sourceTree = "<group>"; };
		B34F76F71F1CAE2000F97F0E /* AppDelegate.m */ = {isa = PBXFileReference; lastKnownFileType = sourcecode.c.objc; path = AppDelegate.m; sourceTree = "<group>"; };
		B34F76F91F1CAE2000F97F0E /* ViewController.h */ = {isa = PBXFileReference; lastKnownFileType = sourcecode.c.h; path = ViewController.h; sourceTree = "<group>"; };
		B34F76FA1F1CAE2000F97F0E /* ViewController.m */ = {isa = PBXFileReference; lastKnownFileType = sourcecode.c.objc; path = ViewController.m; sourceTree = "<group>"; };
		B34F76FD1F1CAE2000F97F0E /* Base */ = {isa = PBXFileReference; lastKnownFileType = file.storyboard; name = Base; path = Base.lproj/Main.storyboard; sourceTree = "<group>"; };
		B34F76FF1F1CAE2000F97F0E /* Assets.xcassets */ = {isa = PBXFileReference; lastKnownFileType = folder.assetcatalog; path = Assets.xcassets; sourceTree = "<group>"; };
		B34F77021F1CAE2000F97F0E /* Base */ = {isa = PBXFileReference; lastKnownFileType = file.storyboard; name = Base; path = Base.lproj/LaunchScreen.storyboard; sourceTree = "<group>"; };
		B34F77041F1CAE2000F97F0E /* Info.plist */ = {isa = PBXFileReference; lastKnownFileType = text.plist.xml; path = Info.plist; sourceTree = "<group>"; };
		B34F77091F1CAE2000F97F0E /* YJBestBusinessTests.xctest */ = {isa = PBXFileReference; explicitFileType = wrapper.cfbundle; includeInIndex = 0; path = YJBestBusinessTests.xctest; sourceTree = BUILT_PRODUCTS_DIR; };
		B34F770D1F1CAE2000F97F0E /* YJBestBusinessTests.m */ = {isa = PBXFileReference; lastKnownFileType = sourcecode.c.objc; path = YJBestBusinessTests.m; sourceTree = "<group>"; };
		B34F770F1F1CAE2000F97F0E /* Info.plist */ = {isa = PBXFileReference; lastKnownFileType = text.plist.xml; path = Info.plist; sourceTree = "<group>"; };
		B34F77141F1CAE2000F97F0E /* YJBestBusinessUITests.xctest */ = {isa = PBXFileReference; explicitFileType = wrapper.cfbundle; includeInIndex = 0; path = YJBestBusinessUITests.xctest; sourceTree = BUILT_PRODUCTS_DIR; };
		B34F77181F1CAE2000F97F0E /* YJBestBusinessUITests.m */ = {isa = PBXFileReference; lastKnownFileType = sourcecode.c.objc; path = YJBestBusinessUITests.m; sourceTree = "<group>"; };
		B34F771A1F1CAE2000F97F0E /* Info.plist */ = {isa = PBXFileReference; lastKnownFileType = text.plist.xml; path = Info.plist; sourceTree = "<group>"; };
/* End PBXFileReference section */

/* Begin PBXFrameworksBuildPhase section */
		B34F76ED1F1CAE2000F97F0E /* Frameworks */ = {
			isa = PBXFrameworksBuildPhase;
			buildActionMask = 2147483647;
			files = (
			);
			runOnlyForDeploymentPostprocessing = 0;
		};
		B34F77061F1CAE2000F97F0E /* Frameworks */ = {
			isa = PBXFrameworksBuildPhase;
			buildActionMask = 2147483647;
			files = (
			);
			runOnlyForDeploymentPostprocessing = 0;
		};
		B34F77111F1CAE2000F97F0E /* Frameworks */ = {
			isa = PBXFrameworksBuildPhase;
			buildActionMask = 2147483647;
			files = (
			);
			runOnlyForDeploymentPostprocessing = 0;
		};
/* End PBXFrameworksBuildPhase section */

/* Begin PBXGroup section */
		B34F76E71F1CAE2000F97F0E = {
			isa = PBXGroup;
			children = (
				B34F76F21F1CAE2000F97F0E /* YJBestBusiness */,
				B34F770C1F1CAE2000F97F0E /* YJBestBusinessTests */,
				B34F77171F1CAE2000F97F0E /* YJBestBusinessUITests */,
				B34F76F11F1CAE2000F97F0E /* Products */,
			);
			sourceTree = "<group>";
		};
		B34F76F11F1CAE2000F97F0E /* Products */ = {
			isa = PBXGroup;
			children = (
				B34F76F01F1CAE2000F97F0E /* YJBestBusiness.app */,
				B34F77091F1CAE2000F97F0E /* YJBestBusinessTests.xctest */,
				B34F77141F1CAE2000F97F0E /* YJBestBusinessUITests.xctest */,
			);
			name = Products;
			sourceTree = "<group>";
		};
		B34F76F21F1CAE2000F97F0E /* YJBestBusiness */ = {
			isa = PBXGroup;
			children = (
				B34F76F61F1CAE2000F97F0E /* AppDelegate.h */,
				B34F76F71F1CAE2000F97F0E /* AppDelegate.m */,
				B34F76F91F1CAE2000F97F0E /* ViewController.h */,
				B34F76FA1F1CAE2000F97F0E /* ViewController.m */,
				B34F76FC1F1CAE2000F97F0E /* Main.storyboard */,
				B34F76FF1F1CAE2000F97F0E /* Assets.xcassets */,
				B34F77011F1CAE2000F97F0E /* LaunchScreen.storyboard */,
				B34F77041F1CAE2000F97F0E /* Info.plist */,
				B34F76F31F1CAE2000F97F0E /* Supporting Files */,
			);
			path = YJBestBusiness;
			sourceTree = "<group>";
		};
		B34F76F31F1CAE2000F97F0E /* Supporting Files */ = {
			isa = PBXGroup;
			children = (
				B34F76F41F1CAE2000F97F0E /* main.m */,
			);
			name = "Supporting Files";
			sourceTree = "<group>";
		};
		B34F770C1F1CAE2000F97F0E /* YJBestBusinessTests */ = {
			isa = PBXGroup;
			children = (
				B34F770D1F1CAE2000F97F0E /* YJBestBusinessTests.m */,
				B34F770F1F1CAE2000F97F0E /* Info.plist */,
			);
			path = YJBestBusinessTests;
			sourceTree = "<group>";
		};
		B34F77171F1CAE2000F97F0E /* YJBestBusinessUITests */ = {
			isa = PBXGroup;
			children = (
				B34F77181F1CAE2000F97F0E /* YJBestBusinessUITests.m */,
				B34F771A1F1CAE2000F97F0E /* Info.plist */,
			);
			path = YJBestBusinessUITests;
			sourceTree = "<group>";
		};
/* End PBXGroup section */

/* Begin PBXNativeTarget section */
		B34F76EF1F1CAE2000F97F0E /* YJBestBusiness */ = {
			isa = PBXNativeTarget;
			buildConfigurationList = B34F771D1F1CAE2000F97F0E /* Build configuration list for PBXNativeTarget "YJBestBusiness" */;
			buildPhases = (
				B34F76EC1F1CAE2000F97F0E /* Sources */,
				B34F76ED1F1CAE2000F97F0E /* Frameworks */,
				B34F76EE1F1CAE2000F97F0E /* Resources */,
			);
			buildRules = (
			);
			dependencies = (
			);
			name = YJBestBusiness;
			productName = YJBestBusiness;
			productReference = B34F76F01F1CAE2000F97F0E /* YJBestBusiness.app */;
			productType = "com.apple.product-type.application";
		};
		B34F77081F1CAE2000F97F0E /* YJBestBusinessTests */ = {
			isa = PBXNativeTarget;
			buildConfigurationList = B34F77201F1CAE2000F97F0E /* Build configuration list for PBXNativeTarget "YJBestBusinessTests" */;
			buildPhases = (
				B34F77051F1CAE2000F97F0E /* Sources */,
				B34F77061F1CAE2000F97F0E /* Frameworks */,
				B34F77071F1CAE2000F97F0E /* Resources */,
			);
			buildRules = (
			);
			dependencies = (
				B34F770B1F1CAE2000F97F0E /* PBXTargetDependency */,
			);
			name = YJBestBusinessTests;
			productName = YJBestBusinessTests;
			productReference = B34F77091F1CAE2000F97F0E /* YJBestBusinessTests.xctest */;
			productType = "com.apple.product-type.bundle.unit-test";
		};
		B34F77131F1CAE2000F97F0E /* YJBestBusinessUITests */ = {
			isa = PBXNativeTarget;
			buildConfigurationList = B34F77231F1CAE2000F97F0E /* Build configuration list for PBXNativeTarget "YJBestBusinessUITests" */;
			buildPhases = (
				B34F77101F1CAE2000F97F0E /* Sources */,
				B34F77111F1CAE2000F97F0E /* Frameworks */,
				B34F77121F1CAE2000F97F0E /* Resources */,
			);
			buildRules = (
			);
			dependencies = (
				B34F77161F1CAE2000F97F0E /* PBXTargetDependency */,
			);
			name = YJBestBusinessUITests;
			productName = YJBestBusinessUITests;
			productReference = B34F77141F1CAE2000F97F0E /* YJBestBusinessUITests.xctest */;
			productType = "com.apple.product-type.bundle.ui-testing";
		};
/* End PBXNativeTarget section */

/* Begin PBXProject section */
		B34F76E81F1CAE2000F97F0E /* Project object */ = {
			isa = PBXProject;
			attributes = {
				LastUpgradeCheck = 0830;
				ORGANIZATIONNAME = YJBest;
				TargetAttributes = {
					B34F76EF1F1CAE2000F97F0E = {
						CreatedOnToolsVersion = 8.3.2;
						DevelopmentTeam = KTX4WLSW7K;
						ProvisioningStyle = Automatic;
					};
					B34F77081F1CAE2000F97F0E = {
						CreatedOnToolsVersion = 8.3.2;
						DevelopmentTeam = KTX4WLSW7K;
						ProvisioningStyle = Automatic;
						TestTargetID = B34F76EF1F1CAE2000F97F0E;
					};
					B34F77131F1CAE2000F97F0E = {
						CreatedOnToolsVersion = 8.3.2;
						DevelopmentTeam = KTX4WLSW7K;
						ProvisioningStyle = Automatic;
						TestTargetID = B34F76EF1F1CAE2000F97F0E;
					};
				};
			};
			buildConfigurationList = B34F76EB1F1CAE2000F97F0E /* Build configuration list for PBXProject "YJBestBusiness" */;
			compatibilityVersion = "Xcode 3.2";
			developmentRegion = English;
			hasScannedForEncodings = 0;
			knownRegions = (
				en,
				Base,
			);
			mainGroup = B34F76E71F1CAE2000F97F0E;
			productRefGroup = B34F76F11F1CAE2000F97F0E /* Products */;
			projectDirPath = "";
			projectRoot = "";
			targets = (
				B34F76EF1F1CAE2000F97F0E /* YJBestBusiness */,
				B34F77081F1CAE2000F97F0E /* YJBestBusinessTests */,
				B34F77131F1CAE2000F97F0E /* YJBestBusinessUITests */,
			);
		};
/* End PBXProject section */

/* Begin PBXResourcesBuildPhase section */
		B34F76EE1F1CAE2000F97F0E /* Resources */ = {
			isa = PBXResourcesBuildPhase;
			buildActionMask = 2147483647;
			files = (
				B34F77031F1CAE2000F97F0E /* LaunchScreen.storyboard in Resources */,
				B34F77001F1CAE2000F97F0E /* Assets.xcassets in Resources */,
				B34F76FE1F1CAE2000F97F0E /* Main.storyboard in Resources */,
			);
			runOnlyForDeploymentPostprocessing = 0;
		};
		B34F77071F1CAE2000F97F0E /* Resources */ = {
			isa = PBXResourcesBuildPhase;
			buildActionMask = 2147483647;
			files = (
			);
			runOnlyForDeploymentPostprocessing = 0;
		};
		B34F77121F1CAE2000F97F0E /* Resources */ = {
			isa = PBXResourcesBuildPhase;
			buildActionMask = 2147483647;
			files = (
			);
			runOnlyForDeploymentPostprocessing = 0;
		};
/* End PBXResourcesBuildPhase section */

/* Begin PBXSourcesBuildPhase section */
		B34F76EC1F1CAE2000F97F0E /* Sources */ = {
			isa = PBXSourcesBuildPhase;
			buildActionMask = 2147483647;
			files = (
				B34F76FB1F1CAE2000F97F0E /* ViewController.m in Sources */,
				B34F76F81F1CAE2000F97F0E /* AppDelegate.m in Sources */,
				B34F76F51F1CAE2000F97F0E /* main.m in Sources */,
			);
			runOnlyForDeploymentPostprocessing = 0;
		};
		B34F77051F1CAE2000F97F0E /* Sources */ = {
			isa = PBXSourcesBuildPhase;
			buildActionMask = 2147483647;
			files = (
				B34F770E1F1CAE2000F97F0E /* YJBestBusinessTests.m in Sources */,
			);
			runOnlyForDeploymentPostprocessing = 0;
		};
		B34F77101F1CAE2000F97F0E /* Sources */ = {
			isa = PBXSourcesBuildPhase;
			buildActionMask = 2147483647;
			files = (
				B34F77191F1CAE2000F97F0E /* YJBestBusinessUITests.m in Sources */,
			);
			runOnlyForDeploymentPostprocessing = 0;
		};
/* End PBXSourcesBuildPhase section */

/* Begin PBXTargetDependency section */
		B34F770B1F1CAE2000F97F0E /* PBXTargetDependency */ = {
			isa = PBXTargetDependency;
			target = B34F76EF1F1CAE2000F97F0E /* YJBestBusiness */;
			targetProxy = B34F770A1F1CAE2000F97F0E /* PBXContainerItemProxy */;
		};
		B34F77161F1CAE2000F97F0E /* PBXTargetDependency */ = {
			isa = PBXTargetDependency;
			target = B34F76EF1F1CAE2000F97F0E /* YJBestBusiness */;
			targetProxy = B34F77151F1CAE2000F97F0E /* PBXContainerItemProxy */;
		};
/* End PBXTargetDependency section */

/* Begin PBXVariantGroup section */
		B34F76FC1F1CAE2000F97F0E /* Main.storyboard */ = {
			isa = PBXVariantGroup;
			children = (
				B34F76FD1F1CAE2000F97F0E /* Base */,
			);
			name = Main.storyboard;
			sourceTree = "<group>";
		};
		B34F77011F1CAE2000F97F0E /* LaunchScreen.storyboard */ = {
			isa = PBXVariantGroup;
			children = (
				B34F77021F1CAE2000F97F0E /* Base */,
			);
			name = LaunchScreen.storyboard;
			sourceTree = "<group>";
		};
/* End PBXVariantGroup section */

/* Begin XCBuildConfiguration section */
		B34F771B1F1CAE2000F97F0E /* Debug */ = {
			isa = XCBuildConfiguration;
			buildSettings = {
				ALWAYS_SEARCH_USER_PATHS = NO;
				CLANG_ANALYZER_NONNULL = YES;
				CLANG_ANALYZER_NUMBER_OBJECT_CONVERSION = YES_AGGRESSIVE;
				CLANG_CXX_LANGUAGE_STANDARD = "gnu++0x";
				CLANG_CXX_LIBRARY = "libc++";
				CLANG_ENABLE_MODULES = YES;
				CLANG_ENABLE_OBJC_ARC = YES;
				CLANG_WARN_BOOL_CONVERSION = YES;
				CLANG_WARN_CONSTANT_CONVERSION = YES;
				CLANG_WARN_DIRECT_OBJC_ISA_USAGE = YES_ERROR;
				CLANG_WARN_DOCUMENTATION_COMMENTS = YES;
				CLANG_WARN_EMPTY_BODY = YES;
				CLANG_WARN_ENUM_CONVERSION = YES;
				CLANG_WARN_INFINITE_RECURSION = YES;
				CLANG_WARN_INT_CONVERSION = YES;
				CLANG_WARN_OBJC_ROOT_CLASS = YES_ERROR;
				CLANG_WARN_SUSPICIOUS_MOVE = YES;
				CLANG_WARN_UNREACHABLE_CODE = YES;
				CLANG_WARN__DUPLICATE_METHOD_MATCH = YES;
				"CODE_SIGN_IDENTITY[sdk=iphoneos*]" = "iPhone Developer";
				COPY_PHASE_STRIP = NO;
				DEBUG_INFORMATION_FORMAT = dwarf;
				ENABLE_STRICT_OBJC_MSGSEND = YES;
				ENABLE_TESTABILITY = YES;
				GCC_C_LANGUAGE_STANDARD = gnu99;
				GCC_DYNAMIC_NO_PIC = NO;
				GCC_NO_COMMON_BLOCKS = YES;
				GCC_OPTIMIZATION_LEVEL = 0;
				GCC_PREPROCESSOR_DEFINITIONS = (
					"DEBUG=1",
					"$(inherited)",
				);
				GCC_WARN_64_TO_32_BIT_CONVERSION = YES;
				GCC_WARN_ABOUT_RETURN_TYPE = YES_ERROR;
				GCC_WARN_UNDECLARED_SELECTOR = YES;
				GCC_WARN_UNINITIALIZED_AUTOS = YES_AGGRESSIVE;
				GCC_WARN_UNUSED_FUNCTION = YES;
				GCC_WARN_UNUSED_VARIABLE = YES;
				IPHONEOS_DEPLOYMENT_TARGET = 10.3;
				MTL_ENABLE_DEBUG_INFO = YES;
				ONLY_ACTIVE_ARCH = YES;
				SDKROOT = iphoneos;
			};
			name = Debug;
		};
		B34F771C1F1CAE2000F97F0E /* Release */ = {
			isa = XCBuildConfiguration;
			buildSettings = {
				ALWAYS_SEARCH_USER_PATHS = NO;
				CLANG_ANALYZER_NONNULL = YES;
				CLANG_ANALYZER_NUMBER_OBJECT_CONVERSION = YES_AGGRESSIVE;
				CLANG_CXX_LANGUAGE_STANDARD = "gnu++0x";
				CLANG_CXX_LIBRARY = "libc++";
				CLANG_ENABLE_MODULES = YES;
				CLANG_ENABLE_OBJC_ARC = YES;
				CLANG_WARN_BOOL_CONVERSION = YES;
				CLANG_WARN_CONSTANT_CONVERSION = YES;
				CLANG_WARN_DIRECT_OBJC_ISA_USAGE = YES_ERROR;
				CLANG_WARN_DOCUMENTATION_COMMENTS = YES;
				CLANG_WARN_EMPTY_BODY = YES;
				CLANG_WARN_ENUM_CONVERSION = YES;
				CLANG_WARN_INFINITE_RECURSION = YES;
				CLANG_WARN_INT_CONVERSION = YES;
				CLANG_WARN_OBJC_ROOT_CLASS = YES_ERROR;
				CLANG_WARN_SUSPICIOUS_MOVE = YES;
				CLANG_WARN_UNREACHABLE_CODE = YES;
				CLANG_WARN__DUPLICATE_METHOD_MATCH = YES;
				"CODE_SIGN_IDENTITY[sdk=iphoneos*]" = "iPhone Developer";
				COPY_PHASE_STRIP = NO;
				DEBUG_INFORMATION_FORMAT = "dwarf-with-dsym";
				ENABLE_NS_ASSERTIONS = NO;
				ENABLE_STRICT_OBJC_MSGSEND = YES;
				GCC_C_LANGUAGE_STANDARD = gnu99;
				GCC_NO_COMMON_BLOCKS = YES;
				GCC_WARN_64_TO_32_BIT_CONVERSION = YES;
				GCC_WARN_ABOUT_RETURN_TYPE = YES_ERROR;
				GCC_WARN_UNDECLARED_SELECTOR = YES;
				GCC_WARN_UNINITIALIZED_AUTOS = YES_AGGRESSIVE;
				GCC_WARN_UNUSED_FUNCTION = YES;
				GCC_WARN_UNUSED_VARIABLE = YES;
				IPHONEOS_DEPLOYMENT_TARGET = 10.3;
				MTL_ENABLE_DEBUG_INFO = NO;
				SDKROOT = iphoneos;
				VALIDATE_PRODUCT = YES;
			};
			name = Release;
		};
		B34F771E1F1CAE2000F97F0E /* Debug */ = {
			isa = XCBuildConfiguration;
			buildSettings = {
				ASSETCATALOG_COMPILER_APPICON_NAME = AppIcon;
				DEVELOPMENT_TEAM = KTX4WLSW7K;
				INFOPLIST_FILE = YJBestBusiness/Info.plist;
				LD_RUNPATH_SEARCH_PATHS = "$(inherited) @executable_path/Frameworks";
				PRODUCT_BUNDLE_IDENTIFIER = zheng.YJBestBusiness;
				PRODUCT_NAME = "$(TARGET_NAME)";
			};
			name = Debug;
		};
		B34F771F1F1CAE2000F97F0E /* Release */ = {
			isa = XCBuildConfiguration;
			buildSettings = {
				ASSETCATALOG_COMPILER_APPICON_NAME = AppIcon;
				DEVELOPMENT_TEAM = KTX4WLSW7K;
				INFOPLIST_FILE = YJBestBusiness/Info.plist;
				LD_RUNPATH_SEARCH_PATHS = "$(inherited) @executable_path/Frameworks";
				PRODUCT_BUNDLE_IDENTIFIER = zheng.YJBestBusiness;
				PRODUCT_NAME = "$(TARGET_NAME)";
			};
			name = Release;
		};
		B34F77211F1CAE2000F97F0E /* Debug */ = {
			isa = XCBuildConfiguration;
			buildSettings = {
				BUNDLE_LOADER = "$(TEST_HOST)";
				DEVELOPMENT_TEAM = KTX4WLSW7K;
				INFOPLIST_FILE = YJBestBusinessTests/Info.plist;
				LD_RUNPATH_SEARCH_PATHS = "$(inherited) @executable_path/Frameworks @loader_path/Frameworks";
				PRODUCT_BUNDLE_IDENTIFIER = zheng.YJBestBusinessTests;
				PRODUCT_NAME = "$(TARGET_NAME)";
				TEST_HOST = "$(BUILT_PRODUCTS_DIR)/YJBestBusiness.app/YJBestBusiness";
			};
			name = Debug;
		};
		B34F77221F1CAE2000F97F0E /* Release */ = {
			isa = XCBuildConfiguration;
			buildSettings = {
				BUNDLE_LOADER = "$(TEST_HOST)";
				DEVELOPMENT_TEAM = KTX4WLSW7K;
				INFOPLIST_FILE = YJBestBusinessTests/Info.plist;
				LD_RUNPATH_SEARCH_PATHS = "$(inherited) @executable_path/Frameworks @loader_path/Frameworks";
				PRODUCT_BUNDLE_IDENTIFIER = zheng.YJBestBusinessTests;
				PRODUCT_NAME = "$(TARGET_NAME)";
				TEST_HOST = "$(BUILT_PRODUCTS_DIR)/YJBestBusiness.app/YJBestBusiness";
			};
			name = Release;
		};
		B34F77241F1CAE2000F97F0E /* Debug */ = {
			isa = XCBuildConfiguration;
			buildSettings = {
				DEVELOPMENT_TEAM = KTX4WLSW7K;
				INFOPLIST_FILE = YJBestBusinessUITests/Info.plist;
				LD_RUNPATH_SEARCH_PATHS = "$(inherited) @executable_path/Frameworks @loader_path/Frameworks";
				PRODUCT_BUNDLE_IDENTIFIER = zheng.YJBestBusinessUITests;
				PRODUCT_NAME = "$(TARGET_NAME)";
				TEST_TARGET_NAME = YJBestBusiness;
			};
			name = Debug;
		};
		B34F77251F1CAE2000F97F0E /* Release */ = {
			isa = XCBuildConfiguration;
			buildSettings = {
				DEVELOPMENT_TEAM = KTX4WLSW7K;
				INFOPLIST_FILE = YJBestBusinessUITests/Info.plist;
				LD_RUNPATH_SEARCH_PATHS = "$(inherited) @executable_path/Frameworks @loader_path/Frameworks";
				PRODUCT_BUNDLE_IDENTIFIER = zheng.YJBestBusinessUITests;
				PRODUCT_NAME = "$(TARGET_NAME)";
				TEST_TARGET_NAME = YJBestBusiness;
			};
			name = Release;
		};
/* End XCBuildConfiguration section */

/* Begin XCConfigurationList section */
		B34F76EB1F1CAE2000F97F0E /* Build configuration list for PBXProject "YJBestBusiness" */ = {
			isa = XCConfigurationList;
			buildConfigurations = (
				B34F771B1F1CAE2000F97F0E /* Debug */,
				B34F771C1F1CAE2000F97F0E /* Release */,
			);
			defaultConfigurationIsVisible = 0;
			defaultConfigurationName = Release;
		};
		B34F771D1F1CAE2000F97F0E /* Build configuration list for PBXNativeTarget "YJBestBusiness" */ = {
			isa = XCConfigurationList;
			buildConfigurations = (
				B34F771E1F1CAE2000F97F0E /* Debug */,
				B34F771F1F1CAE2000F97F0E /* Release */,
			);
			defaultConfigurationIsVisible = 0;
		};
		B34F77201F1CAE2000F97F0E /* Build configuration list for PBXNativeTarget "YJBestBusinessTests" */ = {
			isa = XCConfigurationList;
			buildConfigurations = (
				B34F77211F1CAE2000F97F0E /* Debug */,
				B34F77221F1CAE2000F97F0E /* Release */,
			);
			defaultConfigurationIsVisible = 0;
		};
		B34F77231F1CAE2000F97F0E /* Build configuration list for PBXNativeTarget "YJBestBusinessUITests" */ = {
			isa = XCConfigurationList;
			buildConfigurations = (
				B34F77241F1CAE2000F97F0E /* Debug */,
				B34F77251F1CAE2000F97F0E /* Release */,
			);
			defaultConfigurationIsVisible = 0;
		};
/* End XCConfigurationList section */
	};
	rootObject = B34F76E81F1CAE2000F97F0E /* Project object */;
}
